
Microsoft Visual Studio Solution File, Format Version 12.00
# Visual Studio 14
VisualStudioVersion = 14.0.23107.0
MinimumVisualStudioVersion = 10.0.40219.1
Project("{FAE04EC0-301F-11D3-BF4B-00C04F79EFBC}") = "BibliographyParser.Tests", "BibliographyParser.Tests\BibliographyParser.Tests.csproj", "{81D0E6E9-6F15-4FFC-A162-9D141586ED3B}"
EndProject
Project("{FAE04EC0-301F-11D3-BF4B-00C04F79EFBC}") = "BibliographyParser", "BibTexParser\BibliographyParser.csproj", "{A74135A8-9A27-4CF9-BA95-CC43D5EBD877}"
EndProject
Project("{FAE04EC0-301F-11D3-BF4B-00C04F79EFBC}") = "BibConsole", "BibConsole\BibConsole.csproj", "{45ED4BAA-7B57-448D-B88F-14908599850E}"
EndProject
Global
	GlobalSection(SolutionConfigurationPlatforms) = preSolution
		Debug|Any CPU = Debug|Any CPU
		Release|Any CPU = Release|Any CPU
	EndGlobalSection
	GlobalSection(ProjectConfigurationPlatforms) = postSolution
		{81D0E6E9-6F15-4FFC-A162-9D141586ED3B}.Debug|Any CPU.ActiveCfg = Debug|Any CPU
		{81D0E6E9-6F15-4FFC-A162-9D141586ED3B}.Debug|Any CPU.Build.0 = Debug|Any CPU
		{81D0E6E9-6F15-4FFC-A162-9D141586ED3B}.Release|Any CPU.ActiveCfg = Release|Any CPU
		{81D0E6E9-6F15-4FFC-A162-9D141586ED3B}.Release|Any CPU.Build.0 = Release|Any CPU
		{A74135A8-9A27-4CF9-BA95-CC43D5EBD877}.Debug|Any CPU.ActiveCfg = Debug|Any CPU
		{A74135A8-9A27-4CF9-BA95-CC43D5EBD877}.Debug|Any CPU.Build.0 = Debug|Any CPU
		{A74135A8-9A27-4CF9-BA95-CC43D5EBD877}.Release|Any CPU.ActiveCfg = Release|Any CPU
		{A74135A8-9A27-4CF9-BA95-CC43D5EBD877}.Release|Any CPU.Build.0 = Release|Any CPU
		{45ED4BAA-7B57-448D-B88F-14908599850E}.Debug|Any CPU.ActiveCfg = Debug|Any CPU
		{45ED4BAA-7B57-448D-B88F-14908599850E}.Debug|Any CPU.Build.0 = Debug|Any CPU
		{45ED4BAA-7B57-448D-B88F-14908599850E}.Release|Any CPU.ActiveCfg = Release|Any CPU
		{45ED4BAA-7B57-448D-B88F-14908599850E}.Release|Any CPU.Build.0 = Release|Any CPU
	EndGlobalSection
	GlobalSection(SolutionProperties) = preSolution
		HideSolutionNode = FALSE
	EndGlobalSection
EndGlobal
